# This file is automatically @generated by Poetry 1.8.3 and should not be changed by hand.

[[package]]
name = "pycpfcnpj"
version = "1.8"
description = "Python module for brazilian register numbers for persons (CPF) and companies (CNPJ)."
optional = false
python-versions = ">=3.8,<4.0"
files = [
    {file = "pycpfcnpj-1.8-py3-none-any.whl", hash = "sha256:771d2ff00511f70453f2df8a20f529bad8deb8e35315a15ba0350d3b5360ef91"},
    {file = "pycpfcnpj-1.8.tar.gz", hash = "sha256:c9e95d2790d582aa7a7deb4b87da252364c670bd1d78f69f3d8f8f82479ed969"},
]

[metadata]
lock-version = "2.0"
python-versions = "^3.12"
content-hash = "6c26e524b6be42574d34ad2b824f2db31d974c14ec28806ef2380f51808c6db1"
